// !$*UTF8*$!
{
	archiveVersion = 1;
	classes = {
	};
	objectVersion = 56;
	objects = {

/* Begin PBXBuildFile section */
		BF000001 /* MarkedQuizApp.swift in Sources */ = {isa = PBXBuildFile; fileRef = AB000001 /* MarkedQuizApp.swift */; };
		BF000002 /* ContentView.swift in Sources */ = {isa = PBXBuildFile; fileRef = AB000002 /* ContentView.swift */; };
		BF000003 /* Assets.xcassets in Resources */ = {isa = PBXBuildFile; fileRef = AB000003 /* Assets.xcassets */; };
		BF000010 /* CRTTheme.swift in Sources */ = {isa = PBXBuildFile; fileRef = AB000010 /* CRTTheme.swift */; };
		BF000011 /* Document.swift in Sources */ = {isa = PBXBuildFile; fileRef = AB000011 /* Document.swift */; };
		BF000012 /* Quiz.swift in Sources */ = {isa = PBXBuildFile; fileRef = AB000012 /* Quiz.swift */; };
		BF000013 /* Stats.swift in Sources */ = {isa = PBXBuildFile; fileRef = AB000013 /* Stats.swift */; };
		BF000014 /* APIClient.swift in Sources */ = {isa = PBXBuildFile; fileRef = AB000014 /* APIClient.swift */; };
		BF000015 /* MarkdownParser.swift in Sources */ = {isa = PBXBuildFile; fileRef = AB000015 /* MarkdownParser.swift */; };
		BF000016 /* LibraryViewModel.swift in Sources */ = {isa = PBXBuildFile; fileRef = AB000016 /* LibraryViewModel.swift */; };
		BF000017 /* ReaderViewModel.swift in Sources */ = {isa = PBXBuildFile; fileRef = AB000017 /* ReaderViewModel.swift */; };
		BF000018 /* QuizViewModel.swift in Sources */ = {isa = PBXBuildFile; fileRef = AB000018 /* QuizViewModel.swift */; };
		BF000019 /* StatsViewModel.swift in Sources */ = {isa = PBXBuildFile; fileRef = AB000019 /* StatsViewModel.swift */; };
		BF000020 /* CRTButton.swift in Sources */ = {isa = PBXBuildFile; fileRef = AB000020 /* CRTButton.swift */; };
		BF000021 /* CRTHeader.swift in Sources */ = {isa = PBXBuildFile; fileRef = AB000021 /* CRTHeader.swift */; };
		BF000022 /* CRTLoadingView.swift in Sources */ = {isa = PBXBuildFile; fileRef = AB000022 /* CRTLoadingView.swift */; };
		BF000023 /* LibraryView.swift in Sources */ = {isa = PBXBuildFile; fileRef = AB000023 /* LibraryView.swift */; };
		BF000024 /* DocumentDetailView.swift in Sources */ = {isa = PBXBuildFile; fileRef = AB000024 /* DocumentDetailView.swift */; };
		BF000025 /* ReaderView.swift in Sources */ = {isa = PBXBuildFile; fileRef = AB000025 /* ReaderView.swift */; };
		BF000026 /* QuizView.swift in Sources */ = {isa = PBXBuildFile; fileRef = AB000026 /* QuizView.swift */; };
		BF000027 /* QuizResultsView.swift in Sources */ = {isa = PBXBuildFile; fileRef = AB000027 /* QuizResultsView.swift */; };
		BF000028 /* StatsView.swift in Sources */ = {isa = PBXBuildFile; fileRef = AB000028 /* StatsView.swift */; };
		BF000029 /* ShareSheetView.swift in Sources */ = {isa = PBXBuildFile; fileRef = AB000029 /* ShareSheetView.swift */; };
		BF000030 /* DatabaseView.swift in Sources */ = {isa = PBXBuildFile; fileRef = AB000030 /* DatabaseView.swift */; };
		BF000031 /* BootScreenView.swift in Sources */ = {isa = PBXBuildFile; fileRef = AB000031 /* BootScreenView.swift */; };
/* End PBXBuildFile section */

/* Begin PBXFileReference section */
		AB000001 /* MarkedQuizApp.swift */ = {isa = PBXFileReference; lastKnownFileType = sourcecode.swift; path = MarkedQuizApp.swift; sourceTree = "<group>"; };
		AB000002 /* ContentView.swift */ = {isa = PBXFileReference; lastKnownFileType = sourcecode.swift; path = ContentView.swift; sourceTree = "<group>"; };
		AB000003 /* Assets.xcassets */ = {isa = PBXFileReference; lastKnownFileType = folder.assetcatalog; path = Assets.xcassets; sourceTree = "<group>"; };
		AB000010 /* CRTTheme.swift */ = {isa = PBXFileReference; lastKnownFileType = sourcecode.swift; path = CRTTheme.swift; sourceTree = "<group>"; };
		AB000011 /* Document.swift */ = {isa = PBXFileReference; lastKnownFileType = sourcecode.swift; path = Document.swift; sourceTree = "<group>"; };
		AB000012 /* Quiz.swift */ = {isa = PBXFileReference; lastKnownFileType = sourcecode.swift; path = Quiz.swift; sourceTree = "<group>"; };
		AB000013 /* Stats.swift */ = {isa = PBXFileReference; lastKnownFileType = sourcecode.swift; path = Stats.swift; sourceTree = "<group>"; };
		AB000014 /* APIClient.swift */ = {isa = PBXFileReference; lastKnownFileType = sourcecode.swift; path = APIClient.swift; sourceTree = "<group>"; };
		AB000015 /* MarkdownParser.swift */ = {isa = PBXFileReference; lastKnownFileType = sourcecode.swift; path = MarkdownParser.swift; sourceTree = "<group>"; };
		AB000016 /* LibraryViewModel.swift */ = {isa = PBXFileReference; lastKnownFileType = sourcecode.swift; path = LibraryViewModel.swift; sourceTree = "<group>"; };
		AB000017 /* ReaderViewModel.swift */ = {isa = PBXFileReference; lastKnownFileType = sourcecode.swift; path = ReaderViewModel.swift; sourceTree = "<group>"; };
		AB000018 /* QuizViewModel.swift */ = {isa = PBXFileReference; lastKnownFileType = sourcecode.swift; path = QuizViewModel.swift; sourceTree = "<group>"; };
		AB000019 /* StatsViewModel.swift */ = {isa = PBXFileReference; lastKnownFileType = sourcecode.swift; path = StatsViewModel.swift; sourceTree = "<group>"; };
		AB000020 /* CRTButton.swift */ = {isa = PBXFileReference; lastKnownFileType = sourcecode.swift; path = CRTButton.swift; sourceTree = "<group>"; };
		AB000021 /* CRTHeader.swift */ = {isa = PBXFileReference; lastKnownFileType = sourcecode.swift; path = CRTHeader.swift; sourceTree = "<group>"; };
		AB000022 /* CRTLoadingView.swift */ = {isa = PBXFileReference; lastKnownFileType = sourcecode.swift; path = CRTLoadingView.swift; sourceTree = "<group>"; };
		AB000023 /* LibraryView.swift */ = {isa = PBXFileReference; lastKnownFileType = sourcecode.swift; path = LibraryView.swift; sourceTree = "<group>"; };
		AB000024 /* DocumentDetailView.swift */ = {isa = PBXFileReference; lastKnownFileType = sourcecode.swift; path = DocumentDetailView.swift; sourceTree = "<group>"; };
		AB000025 /* ReaderView.swift */ = {isa = PBXFileReference; lastKnownFileType = sourcecode.swift; path = ReaderView.swift; sourceTree = "<group>"; };
		AB000026 /* QuizView.swift */ = {isa = PBXFileReference; lastKnownFileType = sourcecode.swift; path = QuizView.swift; sourceTree = "<group>"; };
		AB000027 /* QuizResultsView.swift */ = {isa = PBXFileReference; lastKnownFileType = sourcecode.swift; path = QuizResultsView.swift; sourceTree = "<group>"; };
		AB000028 /* StatsView.swift */ = {isa = PBXFileReference; lastKnownFileType = sourcecode.swift; path = StatsView.swift; sourceTree = "<group>"; };
		AB000029 /* ShareSheetView.swift */ = {isa = PBXFileReference; lastKnownFileType = sourcecode.swift; path = ShareSheetView.swift; sourceTree = "<group>"; };
		AB000030 /* DatabaseView.swift */ = {isa = PBXFileReference; lastKnownFileType = sourcecode.swift; path = DatabaseView.swift; sourceTree = "<group>"; };
		AB000031 /* BootScreenView.swift */ = {isa = PBXFileReference; lastKnownFileType = sourcecode.swift; path = BootScreenView.swift; sourceTree = "<group>"; };
		CD000001 /* MarkedQuiz.app */ = {isa = PBXFileReference; explicitFileType = wrapper.application; includeInIndex = 0; path = MarkedQuiz.app; sourceTree = BUILT_PRODUCTS_DIR; };
/* End PBXFileReference section */

/* Begin PBXFrameworksBuildPhase section */
		CF000001 /* Frameworks */ = {
			isa = PBXFrameworksBuildPhase;
			buildActionMask = 2147483647;
			files = (
			);
			runOnlyForDeploymentPostprocessing = 0;
		};
/* End PBXFrameworksBuildPhase section */

/* Begin PBXGroup section */
		AE000001 = {
			isa = PBXGroup;
			children = (
				AE000002 /* MarkedQuiz */,
				AE000099 /* Products */,
			);
			sourceTree = "<group>";
		};
		AE000002 /* MarkedQuiz */ = {
			isa = PBXGroup;
			children = (
				AB000001 /* MarkedQuizApp.swift */,
				AB000002 /* ContentView.swift */,
				AB000003 /* Assets.xcassets */,
				AE000010 /* Models */,
				AE000011 /* Views */,
				AE000012 /* ViewModels */,
				AE000013 /* Services */,
				AE000014 /* Utilities */,
			);
			path = MarkedQuiz;
			sourceTree = "<group>";
		};
		AE000010 /* Models */ = {
			isa = PBXGroup;
			children = (
				AB000011 /* Document.swift */,
				AB000012 /* Quiz.swift */,
				AB000013 /* Stats.swift */,
			);
			path = Models;
			sourceTree = "<group>";
		};
		AE000011 /* Views */ = {
			isa = PBXGroup;
			children = (
				AE000030 /* Components */,
				AE000031 /* Library */,
				AE000035 /* Database */,
				AE000032 /* Reader */,
				AE000033 /* Quiz */,
				AE000034 /* Stats */,
			);
			path = Views;
			sourceTree = "<group>";
		};
		AE000012 /* ViewModels */ = {
			isa = PBXGroup;
			children = (
				AB000016 /* LibraryViewModel.swift */,
				AB000017 /* ReaderViewModel.swift */,
				AB000018 /* QuizViewModel.swift */,
				AB000019 /* StatsViewModel.swift */,
			);
			path = ViewModels;
			sourceTree = "<group>";
		};
		AE000013 /* Services */ = {
			isa = PBXGroup;
			children = (
				AB000014 /* APIClient.swift */,
				AB000015 /* MarkdownParser.swift */,
			);
			path = Services;
			sourceTree = "<group>";
		};
		AE000014 /* Utilities */ = {
			isa = PBXGroup;
			children = (
				AB000010 /* CRTTheme.swift */,
			);
			path = Utilities;
			sourceTree = "<group>";
		};
		AE000030 /* Components */ = {
			isa = PBXGroup;
			children = (
				AB000020 /* CRTButton.swift */,
				AB000021 /* CRTHeader.swift */,
				AB000022 /* CRTLoadingView.swift */,
				AB000029 /* ShareSheetView.swift */,
				AB000031 /* BootScreenView.swift */,
			);
			path = Components;
			sourceTree = "<group>";
		};
		AE000031 /* Library */ = {
			isa = PBXGroup;
			children = (
				AB000023 /* LibraryView.swift */,
				AB000024 /* DocumentDetailView.swift */,
			);
			path = Library;
			sourceTree = "<group>";
		};
		AE000032 /* Reader */ = {
			isa = PBXGroup;
			children = (
				AB000025 /* ReaderView.swift */,
			);
			path = Reader;
			sourceTree = "<group>";
		};
		AE000033 /* Quiz */ = {
			isa = PBXGroup;
			children = (
				AB000026 /* QuizView.swift */,
				AB000027 /* QuizResultsView.swift */,
			);
			path = Quiz;
			sourceTree = "<group>";
		};
		AE000034 /* Stats */ = {
			isa = PBXGroup;
			children = (
				AB000028 /* StatsView.swift */,
			);
			path = Stats;
			sourceTree = "<group>";
		};
		AE000035 /* Database */ = {
			isa = PBXGroup;
			children = (
				AB000030 /* DatabaseView.swift */,
			);
			path = Database;
			sourceTree = "<group>";
		};
		AE000099 /* Products */ = {
			isa = PBXGroup;
			children = (
				CD000001 /* MarkedQuiz.app */,
			);
			name = Products;
			sourceTree = "<group>";
		};
/* End PBXGroup section */

/* Begin PBXNativeTarget section */
		CE000001 /* MarkedQuiz */ = {
			isa = PBXNativeTarget;
			buildConfigurationList = B1000003 /* Build configuration list for PBXNativeTarget "MarkedQuiz" */;
			buildPhases = (
				CF000002 /* Sources */,
				CF000001 /* Frameworks */,
				CF000003 /* Resources */,
			);
			buildRules = (
			);
			dependencies = (
			);
			name = MarkedQuiz;
			productName = MarkedQuiz;
			productReference = CD000001 /* MarkedQuiz.app */;
			productType = "com.apple.product-type.application";
		};
/* End PBXNativeTarget section */

/* Begin PBXProject section */
		B2000001 /* Project object */ = {
			isa = PBXProject;
			attributes = {
				BuildIndependentTargetsInParallel = 1;
				LastSwiftUpdateCheck = 2630;
				LastUpgradeCheck = 1600;
			};
			buildConfigurationList = B1000002 /* Build configuration list for PBXProject "MarkedQuiz" */;
			compatibilityVersion = "Xcode 14.0";
			developmentRegion = en;
			hasScannedForEncodings = 0;
			knownRegions = (
				en,
				Base,
			);
			mainGroup = AE000001;
			productRefGroup = AE000099 /* Products */;
			projectDirPath = "";
			projectRoot = "";
			targets = (
				CE000001 /* MarkedQuiz */,
			);
		};
/* End PBXProject section */

/* Begin PBXResourcesBuildPhase section */
		CF000003 /* Resources */ = {
			isa = PBXResourcesBuildPhase;
			buildActionMask = 2147483647;
			files = (
				BF000003 /* Assets.xcassets in Resources */,
			);
			runOnlyForDeploymentPostprocessing = 0;
		};
/* End PBXResourcesBuildPhase section */

/* Begin PBXSourcesBuildPhase section */
		CF000002 /* Sources */ = {
			isa = PBXSourcesBuildPhase;
			buildActionMask = 2147483647;
			files = (
				BF000001 /* MarkedQuizApp.swift in Sources */,
				BF000002 /* ContentView.swift in Sources */,
				BF000010 /* CRTTheme.swift in Sources */,
				BF000011 /* Document.swift in Sources */,
				BF000012 /* Quiz.swift in Sources */,
				BF000013 /* Stats.swift in Sources */,
				BF000014 /* APIClient.swift in Sources */,
				BF000015 /* MarkdownParser.swift in Sources */,
				BF000016 /* LibraryViewModel.swift in Sources */,
				BF000017 /* ReaderViewModel.swift in Sources */,
				BF000018 /* QuizViewModel.swift in Sources */,
				BF000019 /* StatsViewModel.swift in Sources */,
				BF000020 /* CRTButton.swift in Sources */,
				BF000021 /* CRTHeader.swift in Sources */,
				BF000022 /* CRTLoadingView.swift in Sources */,
				BF000023 /* LibraryView.swift in Sources */,
				BF000024 /* DocumentDetailView.swift in Sources */,
				BF000025 /* ReaderView.swift in Sources */,
				BF000026 /* QuizView.swift in Sources */,
				BF000027 /* QuizResultsView.swift in Sources */,
				BF000028 /* StatsView.swift in Sources */,
				BF000029 /* ShareSheetView.swift in Sources */,
				BF000030 /* DatabaseView.swift in Sources */,
				BF000031 /* BootScreenView.swift in Sources */,
			);
			runOnlyForDeploymentPostprocessing = 0;
		};
/* End PBXSourcesBuildPhase section */

/* Begin XCBuildConfiguration section */
		B3000001 /* Debug */ = {
			isa = XCBuildConfiguration;
			buildSettings = {
				ALWAYS_SEARCH_USER_PATHS = NO;
				ASSETCATALOG_COMPILER_GENERATE_SWIFT_ASSET_SYMBOL_EXTENSIONS = YES;
				CLANG_ANALYZER_NONNULL = YES;
				CLANG_ANALYZER_NUMBER_OBJECT_CONVERSION = YES_AGGRESSIVE;
				CLANG_CXX_LANGUAGE_STANDARD = "gnu++20";
				CLANG_ENABLE_MODULES = YES;
				CLANG_ENABLE_OBJC_ARC = YES;
				CLANG_ENABLE_OBJC_WEAK = YES;
				CLANG_WARN_BLOCK_CAPTURE_AUTORELEASING = YES;
				CLANG_WARN_BOOL_CONVERSION = YES;
				CLANG_WARN_COMMA = YES;
				CLANG_WARN_CONSTANT_CONVERSION = YES;
				CLANG_WARN_DEPRECATED_OBJC_IMPLEMENTATIONS = YES;
				CLANG_WARN_DIRECT_OBJC_ISA_USAGE = YES_ERROR;
				CLANG_WARN_DOCUMENTATION_COMMENTS = YES;
				CLANG_WARN_EMPTY_BODY = YES;
				CLANG_WARN_ENUM_CONVERSION = YES;
				CLANG_WARN_INFINITE_RECURSION = YES;
				CLANG_WARN_INT_CONVERSION = YES;
				CLANG_WARN_NON_LITERAL_NULL_CONVERSION = YES;
				CLANG_WARN_OBJC_IMPLICIT_RETAIN_SELF = YES;
				CLANG_WARN_OBJC_LITERAL_CONVERSION = YES;
				CLANG_WARN_OBJC_ROOT_CLASS = YES_ERROR;
				CLANG_WARN_QUOTED_INCLUDE_IN_FRAMEWORK_HEADER = YES;
				CLANG_WARN_RANGE_LOOP_ANALYSIS = YES;
				CLANG_WARN_STRICT_PROTOTYPES = YES;
				CLANG_WARN_SUSPICIOUS_MOVE = YES;
				CLANG_WARN_UNGUARDED_AVAILABILITY = YES_AGGRESSIVE;
				CLANG_WARN_UNREACHABLE_CODE = YES;
				CLANG_WARN__DUPLICATE_METHOD_MATCH = YES;
				COPY_PHASE_STRIP = NO;
				DEBUG_INFORMATION_FORMAT = dwarf;
				ENABLE_STRICT_OBJC_MSGSEND = YES;
				ENABLE_TESTABILITY = YES;
				GCC_C_LANGUAGE_STANDARD = gnu17;
				GCC_DYNAMIC_NO_PIC = NO;
				GCC_NO_COMMON_BLOCKS = YES;
				GCC_OPTIMIZATION_LEVEL = 0;
				GCC_PREPROCESSOR_DEFINITIONS = (
					"DEBUG=1",
					"$(inherited)",
				);
				GCC_WARN_64_TO_32_BIT_CONVERSION = YES;
				GCC_WARN_ABOUT_RETURN_TYPE = YES_ERROR;
				GCC_WARN_UNDECLARED_SELECTOR = YES;
				GCC_WARN_UNINITIALIZED_AUTOS = YES_AGGRESSIVE;
				GCC_WARN_UNUSED_FUNCTION = YES;
				GCC_WARN_UNUSED_VARIABLE = YES;
				IPHONEOS_DEPLOYMENT_TARGET = 17.0;
				MTL_ENABLE_DEBUG_INFO = INCLUDE_SOURCE;
				MTL_FAST_MATH = YES;
				ONLY_ACTIVE_ARCH = YES;
				SDKROOT = iphoneos;
				SWIFT_ACTIVE_COMPILATION_CONDITIONS = "$(inherited) DEBUG";
				SWIFT_OPTIMIZATION_LEVEL = "-Onone";
			};
			name = Debug;
		};
		B3000002 /* Release */ = {
			isa = XCBuildConfiguration;
			buildSettings = {
				ALWAYS_SEARCH_USER_PATHS = NO;
				ASSETCATALOG_COMPILER_GENERATE_SWIFT_ASSET_SYMBOL_EXTENSIONS = YES;
				CLANG_ANALYZER_NONNULL = YES;
				CLANG_ANALYZER_NUMBER_OBJECT_CONVERSION = YES_AGGRESSIVE;
				CLANG_CXX_LANGUAGE_STANDARD = "gnu++20";
				CLANG_ENABLE_MODULES = YES;
				CLANG_ENABLE_OBJC_ARC = YES;
				CLANG_ENABLE_OBJC_WEAK = YES;
				CLANG_WARN_BLOCK_CAPTURE_AUTORELEASING = YES;
				CLANG_WARN_BOOL_CONVERSION = YES;
				CLANG_WARN_COMMA = YES;
				CLANG_WARN_CONSTANT_CONVERSION = YES;
				CLANG_WARN_DEPRECATED_OBJC_IMPLEMENTATIONS = YES;
				CLANG_WARN_DIRECT_OBJC_ISA_USAGE = YES_ERROR;
				CLANG_WARN_DOCUMENTATION_COMMENTS = YES;
				CLANG_WARN_EMPTY_BODY = YES;
				CLANG_WARN_ENUM_CONVERSION = YES;
				CLANG_WARN_INFINITE_RECURSION = YES;
				CLANG_WARN_INT_CONVERSION = YES;
				CLANG_WARN_NON_LITERAL_NULL_CONVERSION = YES;
				CLANG_WARN_OBJC_IMPLICIT_RETAIN_SELF = YES;
				CLANG_WARN_OBJC_LITERAL_CONVERSION = YES;
				CLANG_WARN_OBJC_ROOT_CLASS = YES_ERROR;
				CLANG_WARN_QUOTED_INCLUDE_IN_FRAMEWORK_HEADER = YES;
				CLANG_WARN_RANGE_LOOP_ANALYSIS = YES;
				CLANG_WARN_STRICT_PROTOTYPES = YES;
				CLANG_WARN_SUSPICIOUS_MOVE = YES;
				CLANG_WARN_UNGUARDED_AVAILABILITY = YES_AGGRESSIVE;
				CLANG_WARN_UNREACHABLE_CODE = YES;
				CLANG_WARN__DUPLICATE_METHOD_MATCH = YES;
				COPY_PHASE_STRIP = NO;
				DEBUG_INFORMATION_FORMAT = "dwarf-with-dsym";
				ENABLE_NS_ASSERTIONS = NO;
				ENABLE_STRICT_OBJC_MSGSEND = YES;
				GCC_C_LANGUAGE_STANDARD = gnu17;
				GCC_NO_COMMON_BLOCKS = YES;
				GCC_WARN_64_TO_32_BIT_CONVERSION = YES;
				GCC_WARN_ABOUT_RETURN_TYPE = YES_ERROR;
				GCC_WARN_UNDECLARED_SELECTOR = YES;
				GCC_WARN_UNINITIALIZED_AUTOS = YES_AGGRESSIVE;
				GCC_WARN_UNUSED_FUNCTION = YES;
				GCC_WARN_UNUSED_VARIABLE = YES;
				IPHONEOS_DEPLOYMENT_TARGET = 17.0;
				MTL_ENABLE_DEBUG_INFO = NO;
				MTL_FAST_MATH = YES;
				SDKROOT = iphoneos;
				SWIFT_COMPILATION_MODE = wholemodule;
				VALIDATE_PRODUCT = YES;
			};
			name = Release;
		};
		B4000001 /* Debug */ = {
			isa = XCBuildConfiguration;
			buildSettings = {
				ASSETCATALOG_COMPILER_APPICON_NAME = AppIcon;
				ASSETCATALOG_COMPILER_GLOBAL_ACCENT_COLOR_NAME = AccentColor;
				CODE_SIGN_STYLE = Automatic;
				CURRENT_PROJECT_VERSION = 1;
				DEVELOPMENT_TEAM = 8MFA4CF9KA;
				GENERATE_INFOPLIST_FILE = YES;
				INFOPLIST_KEY_UIApplicationSceneManifest_Generation = YES;
				INFOPLIST_KEY_UIApplicationSupportsIndirectInputEvents = YES;
				INFOPLIST_KEY_UILaunchScreen_Generation = YES;
				INFOPLIST_KEY_UISupportedInterfaceOrientations_iPad = "UIInterfaceOrientationPortrait UIInterfaceOrientationPortraitUpsideDown UIInterfaceOrientationLandscapeLeft UIInterfaceOrientationLandscapeRight";
				INFOPLIST_KEY_UISupportedInterfaceOrientations_iPhone = "UIInterfaceOrientationPortrait UIInterfaceOrientationLandscapeLeft UIInterfaceOrientationLandscapeRight";
				LD_RUNPATH_SEARCH_PATHS = (
					"$(inherited)",
					"@executable_path/Frameworks",
				);
				MARKETING_VERSION = 1.0;
				PRODUCT_BUNDLE_IDENTIFIER = com.alan.MarkedQuiz;
				PRODUCT_NAME = "$(TARGET_NAME)";
				SWIFT_EMIT_LOC_STRINGS = YES;
				SWIFT_VERSION = 5.0;
				TARGETED_DEVICE_FAMILY = "1,2";
			};
			name = Debug;
		};
		B4000002 /* Release */ = {
			isa = XCBuildConfiguration;
			buildSettings = {
				ASSETCATALOG_COMPILER_APPICON_NAME = AppIcon;
				ASSETCATALOG_COMPILER_GLOBAL_ACCENT_COLOR_NAME = AccentColor;
				CODE_SIGN_STYLE = Automatic;
				CURRENT_PROJECT_VERSION = 1;
				DEVELOPMENT_TEAM = 8MFA4CF9KA;
				GENERATE_INFOPLIST_FILE = YES;
				INFOPLIST_KEY_UIApplicationSceneManifest_Generation = YES;
				INFOPLIST_KEY_UIApplicationSupportsIndirectInputEvents = YES;
				INFOPLIST_KEY_UILaunchScreen_Generation = YES;
				INFOPLIST_KEY_UISupportedInterfaceOrientations_iPad = "UIInterfaceOrientationPortrait UIInterfaceOrientationPortraitUpsideDown UIInterfaceOrientationLandscapeLeft UIInterfaceOrientationLandscapeRight";
				INFOPLIST_KEY_UISupportedInterfaceOrientations_iPhone = "UIInterfaceOrientationPortrait UIInterfaceOrientationLandscapeLeft UIInterfaceOrientationLandscapeRight";
				LD_RUNPATH_SEARCH_PATHS = (
					"$(inherited)",
					"@executable_path/Frameworks",
				);
				MARKETING_VERSION = 1.0;
				PRODUCT_BUNDLE_IDENTIFIER = com.alan.MarkedQuiz;
				PRODUCT_NAME = "$(TARGET_NAME)";
				SWIFT_EMIT_LOC_STRINGS = YES;
				SWIFT_VERSION = 5.0;
				TARGETED_DEVICE_FAMILY = "1,2";
			};
			name = Release;
		};
/* End XCBuildConfiguration section */

/* Begin XCConfigurationList section */
		B1000002 /* Build configuration list for PBXProject "MarkedQuiz" */ = {
			isa = XCConfigurationList;
			buildConfigurations = (
				B3000001 /* Debug */,
				B3000002 /* Release */,
			);
			defaultConfigurationIsVisible = 0;
			defaultConfigurationName = Release;
		};
		B1000003 /* Build configuration list for PBXNativeTarget "MarkedQuiz" */ = {
			isa = XCConfigurationList;
			buildConfigurations = (
				B4000001 /* Debug */,
				B4000002 /* Release */,
			);
			defaultConfigurationIsVisible = 0;
			defaultConfigurationName = Release;
		};
/* End XCConfigurationList section */
	};
	rootObject = B2000001 /* Project object */;
}
